# THIS IS AN AUTOGENERATED FILE. DO NOT EDIT THIS FILE DIRECTLY.
# yarn lockfile v1


wabt@^1.0.21-nightly.20210306:
  version "1.0.21-nightly.20210306"
  resolved "https://registry.yarnpkg.com/wabt/-/wabt-1.0.21-nightly.20210306.tgz#dff34efdd19050d3d1d5663c22c9a82d5bffd989"
  integrity sha512-maciciF3+RT4uRIbY/1dMQr95BQjEZ7veozSFKE3FlrHoVZe+Pqry1wFnfwX+p+EZycfZbDwJYN/OL6UgiIX5g==
